// !$*UTF8*$!
{
	archiveVersion = 1;
	classes = {
	};
	objectVersion = 50;
	objects = {

/* Begin PBXBuildFile section */
		A56D400222622E75002BA26E /* ProfilePicCollectionViewCell.swift in Sources */ = {isa = PBXBuildFile; fileRef = A56D400022622E75002BA26E /* ProfilePicCollectionViewCell.swift */; };
		A56D400322622E75002BA26E /* ProfilePicCollectionViewCell.xib in Resources */ = {isa = PBXBuildFile; fileRef = A56D400122622E75002BA26E /* ProfilePicCollectionViewCell.xib */; };
		A5EE5279225F9747009B334F /* PhotoFeeCollectionViewCell.swift in Sources */ = {isa = PBXBuildFile; fileRef = A5EE5277225F9747009B334F /* PhotoFeeCollectionViewCell.swift */; };
		A5EE527A225F9747009B334F /* PhotoFeeCollectionViewCell.xib in Resources */ = {isa = PBXBuildFile; fileRef = A5EE5278225F9747009B334F /* PhotoFeeCollectionViewCell.xib */; };
		A5F26330225F891F00CA4981 /* PhotFeedsTableViewCell.swift in Sources */ = {isa = PBXBuildFile; fileRef = A5F2632E225F891F00CA4981 /* PhotFeedsTableViewCell.swift */; };
		A5F26331225F891F00CA4981 /* PhotFeedsTableViewCell.xib in Resources */ = {isa = PBXBuildFile; fileRef = A5F2632F225F891F00CA4981 /* PhotFeedsTableViewCell.xib */; };
		A5F3FCFF225F53AD007A718A /* AppDelegate.swift in Sources */ = {isa = PBXBuildFile; fileRef = A5F3FCFE225F53AD007A718A /* AppDelegate.swift */; };
		A5F3FD01225F53AD007A718A /* ViewController.swift in Sources */ = {isa = PBXBuildFile; fileRef = A5F3FD00225F53AD007A718A /* ViewController.swift */; };
		A5F3FD06225F53B2007A718A /* Assets.xcassets in Resources */ = {isa = PBXBuildFile; fileRef = A5F3FD05225F53B2007A718A /* Assets.xcassets */; };
		A5F3FD09225F53B2007A718A /* LaunchScreen.storyboard in Resources */ = {isa = PBXBuildFile; fileRef = A5F3FD07225F53B2007A718A /* LaunchScreen.storyboard */; };
		A5F3FD14225F53B2007A718A /* capwayAssessmentTests.swift in Sources */ = {isa = PBXBuildFile; fileRef = A5F3FD13225F53B2007A718A /* capwayAssessmentTests.swift */; };
		A5F3FD1F225F53B2007A718A /* capwayAssessmentUITests.swift in Sources */ = {isa = PBXBuildFile; fileRef = A5F3FD1E225F53B2007A718A /* capwayAssessmentUITests.swift */; };
		A5F3FD2E225F53FB007A718A /* PhotoFeedViewController.swift in Sources */ = {isa = PBXBuildFile; fileRef = A5F3FD2C225F53FB007A718A /* PhotoFeedViewController.swift */; };
		A5F3FD2F225F53FB007A718A /* PhotoFeedViewController.xib in Resources */ = {isa = PBXBuildFile; fileRef = A5F3FD2D225F53FB007A718A /* PhotoFeedViewController.xib */; };
		A5F3FD32225F5421007A718A /* ProfileViewController.swift in Sources */ = {isa = PBXBuildFile; fileRef = A5F3FD30225F5421007A718A /* ProfileViewController.swift */; };
		A5F3FD33225F5421007A718A /* ProfileViewController.xib in Resources */ = {isa = PBXBuildFile; fileRef = A5F3FD31225F5421007A718A /* ProfileViewController.xib */; };
		A5F3FD38225F5BD9007A718A /* HomeViewController.swift in Sources */ = {isa = PBXBuildFile; fileRef = A5F3FD36225F5BD9007A718A /* HomeViewController.swift */; };
		A5F3FD39225F5BD9007A718A /* HomeViewController.xib in Resources */ = {isa = PBXBuildFile; fileRef = A5F3FD37225F5BD9007A718A /* HomeViewController.xib */; };
		A5F3FD3C225F5BF0007A718A /* SearchViewController.swift in Sources */ = {isa = PBXBuildFile; fileRef = A5F3FD3A225F5BF0007A718A /* SearchViewController.swift */; };
		A5F3FD3D225F5BF0007A718A /* SearchViewController.xib in Resources */ = {isa = PBXBuildFile; fileRef = A5F3FD3B225F5BF0007A718A /* SearchViewController.xib */; };
		A5F3FD40225F5C08007A718A /* NotificationsViewController.swift in Sources */ = {isa = PBXBuildFile; fileRef = A5F3FD3E225F5C08007A718A /* NotificationsViewController.swift */; };
		A5F3FD41225F5C08007A718A /* NotificationsViewController.xib in Resources */ = {isa = PBXBuildFile; fileRef = A5F3FD3F225F5C08007A718A /* NotificationsViewController.xib */; };
/* End PBXBuildFile section */

/* Begin PBXContainerItemProxy section */
		A5F3FD10225F53B2007A718A /* PBXContainerItemProxy */ = {
			isa = PBXContainerItemProxy;
			containerPortal = A5F3FCF3225F53AD007A718A /* Project object */;
			proxyType = 1;
			remoteGlobalIDString = A5F3FCFA225F53AD007A718A;
			remoteInfo = capwayAssessment;
		};
		A5F3FD1B225F53B2007A718A /* PBXContainerItemProxy */ = {
			isa = PBXContainerItemProxy;
			containerPortal = A5F3FCF3225F53AD007A718A /* Project object */;
			proxyType = 1;
			remoteGlobalIDString = A5F3FCFA225F53AD007A718A;
			remoteInfo = capwayAssessment;
		};
/* End PBXContainerItemProxy section */

/* Begin PBXFileReference section */
		A56D400022622E75002BA26E /* ProfilePicCollectionViewCell.swift */ = {isa = PBXFileReference; lastKnownFileType = sourcecode.swift; path = ProfilePicCollectionViewCell.swift; sourceTree = "<group>"; };
		A56D400122622E75002BA26E /* ProfilePicCollectionViewCell.xib */ = {isa = PBXFileReference; lastKnownFileType = file.xib; path = ProfilePicCollectionViewCell.xib; sourceTree = "<group>"; };
		A5EE5277225F9747009B334F /* PhotoFeeCollectionViewCell.swift */ = {isa = PBXFileReference; lastKnownFileType = sourcecode.swift; path = PhotoFeeCollectionViewCell.swift; sourceTree = "<group>"; };
		A5EE5278225F9747009B334F /* PhotoFeeCollectionViewCell.xib */ = {isa = PBXFileReference; lastKnownFileType = file.xib; path = PhotoFeeCollectionViewCell.xib; sourceTree = "<group>"; };
		A5F2632E225F891F00CA4981 /* PhotFeedsTableViewCell.swift */ = {isa = PBXFileReference; lastKnownFileType = sourcecode.swift; path = PhotFeedsTableViewCell.swift; sourceTree = "<group>"; };
		A5F2632F225F891F00CA4981 /* PhotFeedsTableViewCell.xib */ = {isa = PBXFileReference; lastKnownFileType = file.xib; path = PhotFeedsTableViewCell.xib; sourceTree = "<group>"; };
		A5F3FCFB225F53AD007A718A /* capwayAssessment.app */ = {isa = PBXFileReference; explicitFileType = wrapper.application; includeInIndex = 0; path = capwayAssessment.app; sourceTree = BUILT_PRODUCTS_DIR; };
		A5F3FCFE225F53AD007A718A /* AppDelegate.swift */ = {isa = PBXFileReference; lastKnownFileType = sourcecode.swift; path = AppDelegate.swift; sourceTree = "<group>"; };
		A5F3FD00225F53AD007A718A /* ViewController.swift */ = {isa = PBXFileReference; lastKnownFileType = sourcecode.swift; path = ViewController.swift; sourceTree = "<group>"; };
		A5F3FD05225F53B2007A718A /* Assets.xcassets */ = {isa = PBXFileReference; lastKnownFileType = folder.assetcatalog; path = Assets.xcassets; sourceTree = "<group>"; };
		A5F3FD08225F53B2007A718A /* Base */ = {isa = PBXFileReference; lastKnownFileType = file.storyboard; name = Base; path = Base.lproj/LaunchScreen.storyboard; sourceTree = "<group>"; };
		A5F3FD0A225F53B2007A718A /* Info.plist */ = {isa = PBXFileReference; lastKnownFileType = text.plist.xml; path = Info.plist; sourceTree = "<group>"; };
		A5F3FD0F225F53B2007A718A /* capwayAssessmentTests.xctest */ = {isa = PBXFileReference; explicitFileType = wrapper.cfbundle; includeInIndex = 0; path = capwayAssessmentTests.xctest; sourceTree = BUILT_PRODUCTS_DIR; };
		A5F3FD13225F53B2007A718A /* capwayAssessmentTests.swift */ = {isa = PBXFileReference; lastKnownFileType = sourcecode.swift; path = capwayAssessmentTests.swift; sourceTree = "<group>"; };
		A5F3FD15225F53B2007A718A /* Info.plist */ = {isa = PBXFileReference; lastKnownFileType = text.plist.xml; path = Info.plist; sourceTree = "<group>"; };
		A5F3FD1A225F53B2007A718A /* capwayAssessmentUITests.xctest */ = {isa = PBXFileReference; explicitFileType = wrapper.cfbundle; includeInIndex = 0; path = capwayAssessmentUITests.xctest; sourceTree = BUILT_PRODUCTS_DIR; };
		A5F3FD1E225F53B2007A718A /* capwayAssessmentUITests.swift */ = {isa = PBXFileReference; lastKnownFileType = sourcecode.swift; path = capwayAssessmentUITests.swift; sourceTree = "<group>"; };
		A5F3FD20225F53B2007A718A /* Info.plist */ = {isa = PBXFileReference; lastKnownFileType = text.plist.xml; path = Info.plist; sourceTree = "<group>"; };
		A5F3FD2C225F53FB007A718A /* PhotoFeedViewController.swift */ = {isa = PBXFileReference; lastKnownFileType = sourcecode.swift; path = PhotoFeedViewController.swift; sourceTree = "<group>"; };
		A5F3FD2D225F53FB007A718A /* PhotoFeedViewController.xib */ = {isa = PBXFileReference; lastKnownFileType = file.xib; path = PhotoFeedViewController.xib; sourceTree = "<group>"; };
		A5F3FD30225F5421007A718A /* ProfileViewController.swift */ = {isa = PBXFileReference; lastKnownFileType = sourcecode.swift; path = ProfileViewController.swift; sourceTree = "<group>"; };
		A5F3FD31225F5421007A718A /* ProfileViewController.xib */ = {isa = PBXFileReference; lastKnownFileType = file.xib; path = ProfileViewController.xib; sourceTree = "<group>"; };
		A5F3FD36225F5BD9007A718A /* HomeViewController.swift */ = {isa = PBXFileReference; lastKnownFileType = sourcecode.swift; path = HomeViewController.swift; sourceTree = "<group>"; };
		A5F3FD37225F5BD9007A718A /* HomeViewController.xib */ = {isa = PBXFileReference; lastKnownFileType = file.xib; path = HomeViewController.xib; sourceTree = "<group>"; };
		A5F3FD3A225F5BF0007A718A /* SearchViewController.swift */ = {isa = PBXFileReference; lastKnownFileType = sourcecode.swift; path = SearchViewController.swift; sourceTree = "<group>"; };
		A5F3FD3B225F5BF0007A718A /* SearchViewController.xib */ = {isa = PBXFileReference; lastKnownFileType = file.xib; path = SearchViewController.xib; sourceTree = "<group>"; };
		A5F3FD3E225F5C08007A718A /* NotificationsViewController.swift */ = {isa = PBXFileReference; lastKnownFileType = sourcecode.swift; path = NotificationsViewController.swift; sourceTree = "<group>"; };
		A5F3FD3F225F5C08007A718A /* NotificationsViewController.xib */ = {isa = PBXFileReference; lastKnownFileType = file.xib; path = NotificationsViewController.xib; sourceTree = "<group>"; };
/* End PBXFileReference section */

/* Begin PBXFrameworksBuildPhase section */
		A5F3FCF8225F53AD007A718A /* Frameworks */ = {
			isa = PBXFrameworksBuildPhase;
			buildActionMask = 2147483647;
			files = (
			);
			runOnlyForDeploymentPostprocessing = 0;
		};
		A5F3FD0C225F53B2007A718A /* Frameworks */ = {
			isa = PBXFrameworksBuildPhase;
			buildActionMask = 2147483647;
			files = (
			);
			runOnlyForDeploymentPostprocessing = 0;
		};
		A5F3FD17225F53B2007A718A /* Frameworks */ = {
			isa = PBXFrameworksBuildPhase;
			buildActionMask = 2147483647;
			files = (
			);
			runOnlyForDeploymentPostprocessing = 0;
		};
/* End PBXFrameworksBuildPhase section */

/* Begin PBXGroup section */
		A5F3FCF2225F53AD007A718A = {
			isa = PBXGroup;
			children = (
				A5F3FCFD225F53AD007A718A /* capwayAssessment */,
				A5F3FD12225F53B2007A718A /* capwayAssessmentTests */,
				A5F3FD1D225F53B2007A718A /* capwayAssessmentUITests */,
				A5F3FCFC225F53AD007A718A /* Products */,
			);
			sourceTree = "<group>";
		};
		A5F3FCFC225F53AD007A718A /* Products */ = {
			isa = PBXGroup;
			children = (
				A5F3FCFB225F53AD007A718A /* capwayAssessment.app */,
				A5F3FD0F225F53B2007A718A /* capwayAssessmentTests.xctest */,
				A5F3FD1A225F53B2007A718A /* capwayAssessmentUITests.xctest */,
			);
			name = Products;
			sourceTree = "<group>";
		};
		A5F3FCFD225F53AD007A718A /* capwayAssessment */ = {
			isa = PBXGroup;
			children = (
				A5F3FCFE225F53AD007A718A /* AppDelegate.swift */,
				A5F3FD00225F53AD007A718A /* ViewController.swift */,
				A5F3FD2C225F53FB007A718A /* PhotoFeedViewController.swift */,
				A5F3FD2D225F53FB007A718A /* PhotoFeedViewController.xib */,
				A5F2632E225F891F00CA4981 /* PhotFeedsTableViewCell.swift */,
				A5F2632F225F891F00CA4981 /* PhotFeedsTableViewCell.xib */,
				A5EE5277225F9747009B334F /* PhotoFeeCollectionViewCell.swift */,
				A5EE5278225F9747009B334F /* PhotoFeeCollectionViewCell.xib */,
				A5F3FD30225F5421007A718A /* ProfileViewController.swift */,
				A5F3FD31225F5421007A718A /* ProfileViewController.xib */,
				A56D400022622E75002BA26E /* ProfilePicCollectionViewCell.swift */,
				A56D400122622E75002BA26E /* ProfilePicCollectionViewCell.xib */,
				A5F3FD36225F5BD9007A718A /* HomeViewController.swift */,
				A5F3FD37225F5BD9007A718A /* HomeViewController.xib */,
				A5F3FD3A225F5BF0007A718A /* SearchViewController.swift */,
				A5F3FD3B225F5BF0007A718A /* SearchViewController.xib */,
				A5F3FD3E225F5C08007A718A /* NotificationsViewController.swift */,
				A5F3FD3F225F5C08007A718A /* NotificationsViewController.xib */,
				A5F3FD05225F53B2007A718A /* Assets.xcassets */,
				A5F3FD07225F53B2007A718A /* LaunchScreen.storyboard */,
				A5F3FD0A225F53B2007A718A /* Info.plist */,
			);
			path = capwayAssessment;
			sourceTree = "<group>";
		};
		A5F3FD12225F53B2007A718A /* capwayAssessmentTests */ = {
			isa = PBXGroup;
			children = (
				A5F3FD13225F53B2007A718A /* capwayAssessmentTests.swift */,
				A5F3FD15225F53B2007A718A /* Info.plist */,
			);
			path = capwayAssessmentTests;
			sourceTree = "<group>";
		};
		A5F3FD1D225F53B2007A718A /* capwayAssessmentUITests */ = {
			isa = PBXGroup;
			children = (
				A5F3FD1E225F53B2007A718A /* capwayAssessmentUITests.swift */,
				A5F3FD20225F53B2007A718A /* Info.plist */,
			);
			path = capwayAssessmentUITests;
			sourceTree = "<group>";
		};
/* End PBXGroup section */

/* Begin PBXNativeTarget section */
		A5F3FCFA225F53AD007A718A /* capwayAssessment */ = {
			isa = PBXNativeTarget;
			buildConfigurationList = A5F3FD23225F53B2007A718A /* Build configuration list for PBXNativeTarget "capwayAssessment" */;
			buildPhases = (
				A5F3FCF7225F53AD007A718A /* Sources */,
				A5F3FCF8225F53AD007A718A /* Frameworks */,
				A5F3FCF9225F53AD007A718A /* Resources */,
			);
			buildRules = (
			);
			dependencies = (
			);
			name = capwayAssessment;
			productName = capwayAssessment;
			productReference = A5F3FCFB225F53AD007A718A /* capwayAssessment.app */;
			productType = "com.apple.product-type.application";
		};
		A5F3FD0E225F53B2007A718A /* capwayAssessmentTests */ = {
			isa = PBXNativeTarget;
			buildConfigurationList = A5F3FD26225F53B2007A718A /* Build configuration list for PBXNativeTarget "capwayAssessmentTests" */;
			buildPhases = (
				A5F3FD0B225F53B2007A718A /* Sources */,
				A5F3FD0C225F53B2007A718A /* Frameworks */,
				A5F3FD0D225F53B2007A718A /* Resources */,
			);
			buildRules = (
			);
			dependencies = (
				A5F3FD11225F53B2007A718A /* PBXTargetDependency */,
			);
			name = capwayAssessmentTests;
			productName = capwayAssessmentTests;
			productReference = A5F3FD0F225F53B2007A718A /* capwayAssessmentTests.xctest */;
			productType = "com.apple.product-type.bundle.unit-test";
		};
		A5F3FD19225F53B2007A718A /* capwayAssessmentUITests */ = {
			isa = PBXNativeTarget;
			buildConfigurationList = A5F3FD29225F53B2007A718A /* Build configuration list for PBXNativeTarget "capwayAssessmentUITests" */;
			buildPhases = (
				A5F3FD16225F53B2007A718A /* Sources */,
				A5F3FD17225F53B2007A718A /* Frameworks */,
				A5F3FD18225F53B2007A718A /* Resources */,
			);
			buildRules = (
			);
			dependencies = (
				A5F3FD1C225F53B2007A718A /* PBXTargetDependency */,
			);
			name = capwayAssessmentUITests;
			productName = capwayAssessmentUITests;
			productReference = A5F3FD1A225F53B2007A718A /* capwayAssessmentUITests.xctest */;
			productType = "com.apple.product-type.bundle.ui-testing";
		};
/* End PBXNativeTarget section */

/* Begin PBXProject section */
		A5F3FCF3225F53AD007A718A /* Project object */ = {
			isa = PBXProject;
			attributes = {
				LastSwiftUpdateCheck = 1010;
				LastUpgradeCheck = 1010;
				ORGANIZATIONNAME = "Ron Jones Jr";
				TargetAttributes = {
					A5F3FCFA225F53AD007A718A = {
						CreatedOnToolsVersion = 10.1;
					};
					A5F3FD0E225F53B2007A718A = {
						CreatedOnToolsVersion = 10.1;
						TestTargetID = A5F3FCFA225F53AD007A718A;
					};
					A5F3FD19225F53B2007A718A = {
						CreatedOnToolsVersion = 10.1;
						TestTargetID = A5F3FCFA225F53AD007A718A;
					};
				};
			};
			buildConfigurationList = A5F3FCF6225F53AD007A718A /* Build configuration list for PBXProject "capwayAssessment" */;
			compatibilityVersion = "Xcode 9.3";
			developmentRegion = en;
			hasScannedForEncodings = 0;
			knownRegions = (
				en,
				Base,
			);
			mainGroup = A5F3FCF2225F53AD007A718A;
			productRefGroup = A5F3FCFC225F53AD007A718A /* Products */;
			projectDirPath = "";
			projectRoot = "";
			targets = (
				A5F3FCFA225F53AD007A718A /* capwayAssessment */,
				A5F3FD0E225F53B2007A718A /* capwayAssessmentTests */,
				A5F3FD19225F53B2007A718A /* capwayAssessmentUITests */,
			);
		};
/* End PBXProject section */

/* Begin PBXResourcesBuildPhase section */
		A5F3FCF9225F53AD007A718A /* Resources */ = {
			isa = PBXResourcesBuildPhase;
			buildActionMask = 2147483647;
			files = (
				A5F26331225F891F00CA4981 /* PhotFeedsTableViewCell.xib in Resources */,
				A5F3FD41225F5C08007A718A /* NotificationsViewController.xib in Resources */,
				A5F3FD09225F53B2007A718A /* LaunchScreen.storyboard in Resources */,
				A5EE527A225F9747009B334F /* PhotoFeeCollectionViewCell.xib in Resources */,
				A5F3FD06225F53B2007A718A /* Assets.xcassets in Resources */,
				A5F3FD3D225F5BF0007A718A /* SearchViewController.xib in Resources */,
				A5F3FD39225F5BD9007A718A /* HomeViewController.xib in Resources */,
				A5F3FD33225F5421007A718A /* ProfileViewController.xib in Resources */,
				A56D400322622E75002BA26E /* ProfilePicCollectionViewCell.xib in Resources */,
				A5F3FD2F225F53FB007A718A /* PhotoFeedViewController.xib in Resources */,
			);
			runOnlyForDeploymentPostprocessing = 0;
		};
		A5F3FD0D225F53B2007A718A /* Resources */ = {
			isa = PBXResourcesBuildPhase;
			buildActionMask = 2147483647;
			files = (
			);
			runOnlyForDeploymentPostprocessing = 0;
		};
		A5F3FD18225F53B2007A718A /* Resources */ = {
			isa = PBXResourcesBuildPhase;
			buildActionMask = 2147483647;
			files = (
			);
			runOnlyForDeploymentPostprocessing = 0;
		};
/* End PBXResourcesBuildPhase section */

/* Begin PBXSourcesBuildPhase section */
		A5F3FCF7225F53AD007A718A /* Sources */ = {
			isa = PBXSourcesBuildPhase;
			buildActionMask = 2147483647;
			files = (
				A5F3FD3C225F5BF0007A718A /* SearchViewController.swift in Sources */,
				A56D400222622E75002BA26E /* ProfilePicCollectionViewCell.swift in Sources */,
				A5F3FD38225F5BD9007A718A /* HomeViewController.swift in Sources */,
				A5F3FD01225F53AD007A718A /* ViewController.swift in Sources */,
				A5F3FCFF225F53AD007A718A /* AppDelegate.swift in Sources */,
				A5F26330225F891F00CA4981 /* PhotFeedsTableViewCell.swift in Sources */,
				A5F3FD32225F5421007A718A /* ProfileViewController.swift in Sources */,
				A5F3FD40225F5C08007A718A /* NotificationsViewController.swift in Sources */,
				A5EE5279225F9747009B334F /* PhotoFeeCollectionViewCell.swift in Sources */,
				A5F3FD2E225F53FB007A718A /* PhotoFeedViewController.swift in Sources */,
			);
			runOnlyForDeploymentPostprocessing = 0;
		};
		A5F3FD0B225F53B2007A718A /* Sources */ = {
			isa = PBXSourcesBuildPhase;
			buildActionMask = 2147483647;
			files = (
				A5F3FD14225F53B2007A718A /* capwayAssessmentTests.swift in Sources */,
			);
			runOnlyForDeploymentPostprocessing = 0;
		};
		A5F3FD16225F53B2007A718A /* Sources */ = {
			isa = PBXSourcesBuildPhase;
			buildActionMask = 2147483647;
			files = (
				A5F3FD1F225F53B2007A718A /* capwayAssessmentUITests.swift in Sources */,
			);
			runOnlyForDeploymentPostprocessing = 0;
		};
/* End PBXSourcesBuildPhase section */

/* Begin PBXTargetDependency section */
		A5F3FD11225F53B2007A718A /* PBXTargetDependency */ = {
			isa = PBXTargetDependency;
			target = A5F3FCFA225F53AD007A718A /* capwayAssessment */;
			targetProxy = A5F3FD10225F53B2007A718A /* PBXContainerItemProxy */;
		};
		A5F3FD1C225F53B2007A718A /* PBXTargetDependency */ = {
			isa = PBXTargetDependency;
			target = A5F3FCFA225F53AD007A718A /* capwayAssessment */;
			targetProxy = A5F3FD1B225F53B2007A718A /* PBXContainerItemProxy */;
		};
/* End PBXTargetDependency section */

/* Begin PBXVariantGroup section */
		A5F3FD07225F53B2007A718A /* LaunchScreen.storyboard */ = {
			isa = PBXVariantGroup;
			children = (
				A5F3FD08225F53B2007A718A /* Base */,
			);
			name = LaunchScreen.storyboard;
			sourceTree = "<group>";
		};
/* End PBXVariantGroup section */

/* Begin XCBuildConfiguration section */
		A5F3FD21225F53B2007A718A /* Debug */ = {
			isa = XCBuildConfiguration;
			buildSettings = {
				ALWAYS_SEARCH_USER_PATHS = NO;
				CLANG_ANALYZER_NONNULL = YES;
				CLANG_ANALYZER_NUMBER_OBJECT_CONVERSION = YES_AGGRESSIVE;
				CLANG_CXX_LANGUAGE_STANDARD = "gnu++14";
				CLANG_CXX_LIBRARY = "libc++";
				CLANG_ENABLE_MODULES = YES;
				CLANG_ENABLE_OBJC_ARC = YES;
				CLANG_ENABLE_OBJC_WEAK = YES;
				CLANG_WARN_BLOCK_CAPTURE_AUTORELEASING = YES;
				CLANG_WARN_BOOL_CONVERSION = YES;
				CLANG_WARN_COMMA = YES;
				CLANG_WARN_CONSTANT_CONVERSION = YES;
				CLANG_WARN_DEPRECATED_OBJC_IMPLEMENTATIONS = YES;
				CLANG_WARN_DIRECT_OBJC_ISA_USAGE = YES_ERROR;
				CLANG_WARN_DOCUMENTATION_COMMENTS = YES;
				CLANG_WARN_EMPTY_BODY = YES;
				CLANG_WARN_ENUM_CONVERSION = YES;
				CLANG_WARN_INFINITE_RECURSION = YES;
				CLANG_WARN_INT_CONVERSION = YES;
				CLANG_WARN_NON_LITERAL_NULL_CONVERSION = YES;
				CLANG_WARN_OBJC_IMPLICIT_RETAIN_SELF = YES;
				CLANG_WARN_OBJC_LITERAL_CONVERSION = YES;
				CLANG_WARN_OBJC_ROOT_CLASS = YES_ERROR;
				CLANG_WARN_RANGE_LOOP_ANALYSIS = YES;
				CLANG_WARN_STRICT_PROTOTYPES = YES;
				CLANG_WARN_SUSPICIOUS_MOVE = YES;
				CLANG_WARN_UNGUARDED_AVAILABILITY = YES_AGGRESSIVE;
				CLANG_WARN_UNREACHABLE_CODE = YES;
				CLANG_WARN__DUPLICATE_METHOD_MATCH = YES;
				CODE_SIGN_IDENTITY = "iPhone Developer";
				COPY_PHASE_STRIP = NO;
				DEBUG_INFORMATION_FORMAT = dwarf;
				ENABLE_STRICT_OBJC_MSGSEND = YES;
				ENABLE_TESTABILITY = YES;
				GCC_C_LANGUAGE_STANDARD = gnu11;
				GCC_DYNAMIC_NO_PIC = NO;
				GCC_NO_COMMON_BLOCKS = YES;
				GCC_OPTIMIZATION_LEVEL = 0;
				GCC_PREPROCESSOR_DEFINITIONS = (
					"DEBUG=1",
					"$(inherited)",
				);
				GCC_WARN_64_TO_32_BIT_CONVERSION = YES;
				GCC_WARN_ABOUT_RETURN_TYPE = YES_ERROR;
				GCC_WARN_UNDECLARED_SELECTOR = YES;
				GCC_WARN_UNINITIALIZED_AUTOS = YES_AGGRESSIVE;
				GCC_WARN_UNUSED_FUNCTION = YES;
				GCC_WARN_UNUSED_VARIABLE = YES;
				IPHONEOS_DEPLOYMENT_TARGET = 12.1;
				MTL_ENABLE_DEBUG_INFO = INCLUDE_SOURCE;
				MTL_FAST_MATH = YES;
				ONLY_ACTIVE_ARCH = YES;
				SDKROOT = iphoneos;
				SWIFT_ACTIVE_COMPILATION_CONDITIONS = DEBUG;
				SWIFT_OPTIMIZATION_LEVEL = "-Onone";
			};
			name = Debug;
		};
		A5F3FD22225F53B2007A718A /* Release */ = {
			isa = XCBuildConfiguration;
			buildSettings = {
				ALWAYS_SEARCH_USER_PATHS = NO;
				CLANG_ANALYZER_NONNULL = YES;
				CLANG_ANALYZER_NUMBER_OBJECT_CONVERSION = YES_AGGRESSIVE;
				CLANG_CXX_LANGUAGE_STANDARD = "gnu++14";
				CLANG_CXX_LIBRARY = "libc++";
				CLANG_ENABLE_MODULES = YES;
				CLANG_ENABLE_OBJC_ARC = YES;
				CLANG_ENABLE_OBJC_WEAK = YES;
				CLANG_WARN_BLOCK_CAPTURE_AUTORELEASING = YES;
				CLANG_WARN_BOOL_CONVERSION = YES;
				CLANG_WARN_COMMA = YES;
				CLANG_WARN_CONSTANT_CONVERSION = YES;
				CLANG_WARN_DEPRECATED_OBJC_IMPLEMENTATIONS = YES;
				CLANG_WARN_DIRECT_OBJC_ISA_USAGE = YES_ERROR;
				CLANG_WARN_DOCUMENTATION_COMMENTS = YES;
				CLANG_WARN_EMPTY_BODY = YES;
				CLANG_WARN_ENUM_CONVERSION = YES;
				CLANG_WARN_INFINITE_RECURSION = YES;
				CLANG_WARN_INT_CONVERSION = YES;
				CLANG_WARN_NON_LITERAL_NULL_CONVERSION = YES;
				CLANG_WARN_OBJC_IMPLICIT_RETAIN_SELF = YES;
				CLANG_WARN_OBJC_LITERAL_CONVERSION = YES;
				CLANG_WARN_OBJC_ROOT_CLASS = YES_ERROR;
				CLANG_WARN_RANGE_LOOP_ANALYSIS = YES;
				CLANG_WARN_STRICT_PROTOTYPES = YES;
				CLANG_WARN_SUSPICIOUS_MOVE = YES;
				CLANG_WARN_UNGUARDED_AVAILABILITY = YES_AGGRESSIVE;
				CLANG_WARN_UNREACHABLE_CODE = YES;
				CLANG_WARN__DUPLICATE_METHOD_MATCH = YES;
				CODE_SIGN_IDENTITY = "iPhone Developer";
				COPY_PHASE_STRIP = NO;
				DEBUG_INFORMATION_FORMAT = "dwarf-with-dsym";
				ENABLE_NS_ASSERTIONS = NO;
				ENABLE_STRICT_OBJC_MSGSEND = YES;
				GCC_C_LANGUAGE_STANDARD = gnu11;
				GCC_NO_COMMON_BLOCKS = YES;
				GCC_WARN_64_TO_32_BIT_CONVERSION = YES;
				GCC_WARN_ABOUT_RETURN_TYPE = YES_ERROR;
				GCC_WARN_UNDECLARED_SELECTOR = YES;
				GCC_WARN_UNINITIALIZED_AUTOS = YES_AGGRESSIVE;
				GCC_WARN_UNUSED_FUNCTION = YES;
				GCC_WARN_UNUSED_VARIABLE = YES;
				IPHONEOS_DEPLOYMENT_TARGET = 12.1;
				MTL_ENABLE_DEBUG_INFO = NO;
				MTL_FAST_MATH = YES;
				SDKROOT = iphoneos;
				SWIFT_COMPILATION_MODE = wholemodule;
				SWIFT_OPTIMIZATION_LEVEL = "-O";
				VALIDATE_PRODUCT = YES;
			};
			name = Release;
		};
		A5F3FD24225F53B2007A718A /* Debug */ = {
			isa = XCBuildConfiguration;
			buildSettings = {
				ASSETCATALOG_COMPILER_APPICON_NAME = AppIcon;
				CODE_SIGN_STYLE = Automatic;
				DEVELOPMENT_TEAM = NM6C538Y8C;
				INFOPLIST_FILE = capwayAssessment/Info.plist;
				LD_RUNPATH_SEARCH_PATHS = (
					"$(inherited)",
					"@executable_path/Frameworks",
				);
				PRODUCT_BUNDLE_IDENTIFIER = CollectiveMindsInc.capwayAssessment;
				PRODUCT_NAME = "$(TARGET_NAME)";
				SWIFT_VERSION = 4.2;
				TARGETED_DEVICE_FAMILY = "1,2";
			};
			name = Debug;
		};
		A5F3FD25225F53B2007A718A /* Release */ = {
			isa = XCBuildConfiguration;
			buildSettings = {
				ASSETCATALOG_COMPILER_APPICON_NAME = AppIcon;
				CODE_SIGN_STYLE = Automatic;
				DEVELOPMENT_TEAM = NM6C538Y8C;
				INFOPLIST_FILE = capwayAssessment/Info.plist;
				LD_RUNPATH_SEARCH_PATHS = (
					"$(inherited)",
					"@executable_path/Frameworks",
				);
				PRODUCT_BUNDLE_IDENTIFIER = CollectiveMindsInc.capwayAssessment;
				PRODUCT_NAME = "$(TARGET_NAME)";
				SWIFT_VERSION = 4.2;
				TARGETED_DEVICE_FAMILY = "1,2";
			};
			name = Release;
		};
		A5F3FD27225F53B2007A718A /* Debug */ = {
			isa = XCBuildConfiguration;
			buildSettings = {
				ALWAYS_EMBED_SWIFT_STANDARD_LIBRARIES = YES;
				BUNDLE_LOADER = "$(TEST_HOST)";
				CODE_SIGN_STYLE = Automatic;
				DEVELOPMENT_TEAM = NM6C538Y8C;
				INFOPLIST_FILE = capwayAssessmentTests/Info.plist;
				LD_RUNPATH_SEARCH_PATHS = (
					"$(inherited)",
					"@executable_path/Frameworks",
					"@loader_path/Frameworks",
				);
				PRODUCT_BUNDLE_IDENTIFIER = CollectiveMindsInc.capwayAssessmentTests;
				PRODUCT_NAME = "$(TARGET_NAME)";
				SWIFT_VERSION = 4.2;
				TARGETED_DEVICE_FAMILY = "1,2";
				TEST_HOST = "$(BUILT_PRODUCTS_DIR)/capwayAssessment.app/capwayAssessment";
			};
			name = Debug;
		};
		A5F3FD28225F53B2007A718A /* Release */ = {
			isa = XCBuildConfiguration;
			buildSettings = {
				ALWAYS_EMBED_SWIFT_STANDARD_LIBRARIES = YES;
				BUNDLE_LOADER = "$(TEST_HOST)";
				CODE_SIGN_STYLE = Automatic;
				DEVELOPMENT_TEAM = NM6C538Y8C;
				INFOPLIST_FILE = capwayAssessmentTests/Info.plist;
				LD_RUNPATH_SEARCH_PATHS = (
					"$(inherited)",
					"@executable_path/Frameworks",
					"@loader_path/Frameworks",
				);
				PRODUCT_BUNDLE_IDENTIFIER = CollectiveMindsInc.capwayAssessmentTests;
				PRODUCT_NAME = "$(TARGET_NAME)";
				SWIFT_VERSION = 4.2;
				TARGETED_DEVICE_FAMILY = "1,2";
				TEST_HOST = "$(BUILT_PRODUCTS_DIR)/capwayAssessment.app/capwayAssessment";
			};
			name = Release;
		};
		A5F3FD2A225F53B2007A718A /* Debug */ = {
			isa = XCBuildConfiguration;
			buildSettings = {
				ALWAYS_EMBED_SWIFT_STANDARD_LIBRARIES = YES;
				CODE_SIGN_STYLE = Automatic;
				DEVELOPMENT_TEAM = NM6C538Y8C;
				INFOPLIST_FILE = capwayAssessmentUITests/Info.plist;
				LD_RUNPATH_SEARCH_PATHS = (
					"$(inherited)",
					"@executable_path/Frameworks",
					"@loader_path/Frameworks",
				);
				PRODUCT_BUNDLE_IDENTIFIER = CollectiveMindsInc.capwayAssessmentUITests;
				PRODUCT_NAME = "$(TARGET_NAME)";
				SWIFT_VERSION = 4.2;
				TARGETED_DEVICE_FAMILY = "1,2";
				TEST_TARGET_NAME = capwayAssessment;
			};
			name = Debug;
		};
		A5F3FD2B225F53B2007A718A /* Release */ = {
			isa = XCBuildConfiguration;
			buildSettings = {
				ALWAYS_EMBED_SWIFT_STANDARD_LIBRARIES = YES;
				CODE_SIGN_STYLE = Automatic;
				DEVELOPMENT_TEAM = NM6C538Y8C;
				INFOPLIST_FILE = capwayAssessmentUITests/Info.plist;
				LD_RUNPATH_SEARCH_PATHS = (
					"$(inherited)",
					"@executable_path/Frameworks",
					"@loader_path/Frameworks",
				);
				PRODUCT_BUNDLE_IDENTIFIER = CollectiveMindsInc.capwayAssessmentUITests;
				PRODUCT_NAME = "$(TARGET_NAME)";
				SWIFT_VERSION = 4.2;
				TARGETED_DEVICE_FAMILY = "1,2";
				TEST_TARGET_NAME = capwayAssessment;
			};
			name = Release;
		};
/* End XCBuildConfiguration section */

/* Begin XCConfigurationList section */
		A5F3FCF6225F53AD007A718A /* Build configuration list for PBXProject "capwayAssessment" */ = {
			isa = XCConfigurationList;
			buildConfigurations = (
				A5F3FD21225F53B2007A718A /* Debug */,
				A5F3FD22225F53B2007A718A /* Release */,
			);
			defaultConfigurationIsVisible = 0;
			defaultConfigurationName = Release;
		};
		A5F3FD23225F53B2007A718A /* Build configuration list for PBXNativeTarget "capwayAssessment" */ = {
			isa = XCConfigurationList;
			buildConfigurations = (
				A5F3FD24225F53B2007A718A /* Debug */,
				A5F3FD25225F53B2007A718A /* Release */,
			);
			defaultConfigurationIsVisible = 0;
			defaultConfigurationName = Release;
		};
		A5F3FD26225F53B2007A718A /* Build configuration list for PBXNativeTarget "capwayAssessmentTests" */ = {
			isa = XCConfigurationList;
			buildConfigurations = (
				A5F3FD27225F53B2007A718A /* Debug */,
				A5F3FD28225F53B2007A718A /* Release */,
			);
			defaultConfigurationIsVisible = 0;
			defaultConfigurationName = Release;
		};
		A5F3FD29225F53B2007A718A /* Build configuration list for PBXNativeTarget "capwayAssessmentUITests" */ = {
			isa = XCConfigurationList;
			buildConfigurations = (
				A5F3FD2A225F53B2007A718A /* Debug */,
				A5F3FD2B225F53B2007A718A /* Release */,
			);
			defaultConfigurationIsVisible = 0;
			defaultConfigurationName = Release;
		};
/* End XCConfigurationList section */
	};
	rootObject = A5F3FCF3225F53AD007A718A /* Project object */;
}
